// !$*UTF8*$!
{
	archiveVersion = 1;
	classes = {
	};
	objectVersion = 46;
	objects = {

/* Begin PBXBuildFile section */
		4D986E341B6F2456005658A2 /* LoginController.swift in Sources */ = {isa = PBXBuildFile; fileRef = 4D986E331B6F2456005658A2 /* LoginController.swift */; };
		4D986E361B6F2714005658A2 /* ionicons.ttf in Resources */ = {isa = PBXBuildFile; fileRef = 4D986E351B6F2714005658A2 /* ionicons.ttf */; };
		4D986E381B6F2A26005658A2 /* ReturnsViewController.swift in Sources */ = {isa = PBXBuildFile; fileRef = 4D986E371B6F2A26005658A2 /* ReturnsViewController.swift */; };
		4DF5C1971B6F1A600086DC37 /* AppDelegate.swift in Sources */ = {isa = PBXBuildFile; fileRef = 4DF5C1961B6F1A600086DC37 /* AppDelegate.swift */; };
		4DF5C1991B6F1A600086DC37 /* RentalsViewController.swift in Sources */ = {isa = PBXBuildFile; fileRef = 4DF5C1981B6F1A600086DC37 /* RentalsViewController.swift */; };
		4DF5C19B1B6F1A600086DC37 /* QuickRentViewController.swift in Sources */ = {isa = PBXBuildFile; fileRef = 4DF5C19A1B6F1A600086DC37 /* QuickRentViewController.swift */; };
		4DF5C19E1B6F1A600086DC37 /* Main.storyboard in Resources */ = {isa = PBXBuildFile; fileRef = 4DF5C19C1B6F1A600086DC37 /* Main.storyboard */; };
		4DF5C1A01B6F1A600086DC37 /* Images.xcassets in Resources */ = {isa = PBXBuildFile; fileRef = 4DF5C19F1B6F1A600086DC37 /* Images.xcassets */; };
		4DF5C1A31B6F1A600086DC37 /* LaunchScreen.xib in Resources */ = {isa = PBXBuildFile; fileRef = 4DF5C1A11B6F1A600086DC37 /* LaunchScreen.xib */; };
		4DF5C1AF1B6F1A600086DC37 /* collieclientTests.swift in Sources */ = {isa = PBXBuildFile; fileRef = 4DF5C1AE1B6F1A600086DC37 /* collieclientTests.swift */; };
		C8153CECE602D812741F9F41 /* Pods_collieclient.framework in Frameworks */ = {isa = PBXBuildFile; fileRef = 55CFF8E00864A94E750AEB6B /* Pods_collieclient.framework */; settings = {ATTRIBUTES = (Weak, ); }; };
/* End PBXBuildFile section */

/* Begin PBXContainerItemProxy section */
		4DF5C1A91B6F1A600086DC37 /* PBXContainerItemProxy */ = {
			isa = PBXContainerItemProxy;
			containerPortal = 4DF5C1891B6F1A600086DC37 /* Project object */;
			proxyType = 1;
			remoteGlobalIDString = 4DF5C1901B6F1A600086DC37;
			remoteInfo = collieclient;
		};
/* End PBXContainerItemProxy section */

/* Begin PBXFileReference section */
		4D986E331B6F2456005658A2 /* LoginController.swift */ = {isa = PBXFileReference; fileEncoding = 4; lastKnownFileType = sourcecode.swift; path = LoginController.swift; sourceTree = "<group>"; };
		4D986E351B6F2714005658A2 /* ionicons.ttf */ = {isa = PBXFileReference; lastKnownFileType = file; name = ionicons.ttf; path = "../../Downloads/ionicons-2.0.1/fonts/ionicons.ttf"; sourceTree = "<group>"; };
		4D986E371B6F2A26005658A2 /* ReturnsViewController.swift */ = {isa = PBXFileReference; fileEncoding = 4; lastKnownFileType = sourcecode.swift; path = ReturnsViewController.swift; sourceTree = "<group>"; };
		4DF5C1911B6F1A600086DC37 /* collieclient.app */ = {isa = PBXFileReference; explicitFileType = wrapper.application; includeInIndex = 0; path = collieclient.app; sourceTree = BUILT_PRODUCTS_DIR; };
		4DF5C1951B6F1A600086DC37 /* Info.plist */ = {isa = PBXFileReference; lastKnownFileType = text.plist.xml; path = Info.plist; sourceTree = "<group>"; };
		4DF5C1961B6F1A600086DC37 /* AppDelegate.swift */ = {isa = PBXFileReference; lastKnownFileType = sourcecode.swift; path = AppDelegate.swift; sourceTree = "<group>"; };
		4DF5C1981B6F1A600086DC37 /* RentalsViewController.swift */ = {isa = PBXFileReference; lastKnownFileType = sourcecode.swift; path = RentalsViewController.swift; sourceTree = "<group>"; };
		4DF5C19A1B6F1A600086DC37 /* QuickRentViewController.swift */ = {isa = PBXFileReference; lastKnownFileType = sourcecode.swift; path = QuickRentViewController.swift; sourceTree = "<group>"; };
		4DF5C19D1B6F1A600086DC37 /* Base */ = {isa = PBXFileReference; lastKnownFileType = file.storyboard; name = Base; path = Base.lproj/Main.storyboard; sourceTree = "<group>"; };
		4DF5C19F1B6F1A600086DC37 /* Images.xcassets */ = {isa = PBXFileReference; lastKnownFileType = folder.assetcatalog; path = Images.xcassets; sourceTree = "<group>"; };
		4DF5C1A21B6F1A600086DC37 /* Base */ = {isa = PBXFileReference; lastKnownFileType = file.xib; name = Base; path = Base.lproj/LaunchScreen.xib; sourceTree = "<group>"; };
		4DF5C1A81B6F1A600086DC37 /* collieclientTests.xctest */ = {isa = PBXFileReference; explicitFileType = wrapper.cfbundle; includeInIndex = 0; path = collieclientTests.xctest; sourceTree = BUILT_PRODUCTS_DIR; };
		4DF5C1AD1B6F1A600086DC37 /* Info.plist */ = {isa = PBXFileReference; lastKnownFileType = text.plist.xml; path = Info.plist; sourceTree = "<group>"; };
		4DF5C1AE1B6F1A600086DC37 /* collieclientTests.swift */ = {isa = PBXFileReference; lastKnownFileType = sourcecode.swift; path = collieclientTests.swift; sourceTree = "<group>"; };
		55CFF8E00864A94E750AEB6B /* Pods_collieclient.framework */ = {isa = PBXFileReference; explicitFileType = wrapper.framework; includeInIndex = 0; path = Pods_collieclient.framework; sourceTree = BUILT_PRODUCTS_DIR; };
		B3C9206004381B2D03D3017C /* Pods-collieclient.debug.xcconfig */ = {isa = PBXFileReference; includeInIndex = 1; lastKnownFileType = text.xcconfig; name = "Pods-collieclient.debug.xcconfig"; path = "Pods/Target Support Files/Pods-collieclient/Pods-collieclient.debug.xcconfig"; sourceTree = "<group>"; };
		F6FFBDE86FD734060F339843 /* Pods-collieclient.release.xcconfig */ = {isa = PBXFileReference; includeInIndex = 1; lastKnownFileType = text.xcconfig; name = "Pods-collieclient.release.xcconfig"; path = "Pods/Target Support Files/Pods-collieclient/Pods-collieclient.release.xcconfig"; sourceTree = "<group>"; };
/* End PBXFileReference section */

/* Begin PBXFrameworksBuildPhase section */
		4DF5C18E1B6F1A600086DC37 /* Frameworks */ = {
			isa = PBXFrameworksBuildPhase;
			buildActionMask = 2147483647;
			files = (
				C8153CECE602D812741F9F41 /* Pods_collieclient.framework in Frameworks */,
			);
			runOnlyForDeploymentPostprocessing = 0;
		};
		4DF5C1A51B6F1A600086DC37 /* Frameworks */ = {
			isa = PBXFrameworksBuildPhase;
			buildActionMask = 2147483647;
			files = (
			);
			runOnlyForDeploymentPostprocessing = 0;
		};
/* End PBXFrameworksBuildPhase section */

/* Begin PBXGroup section */
		4DF5C1881B6F1A600086DC37 = {
			isa = PBXGroup;
			children = (
				4DF5C1931B6F1A600086DC37 /* collieclient */,
				4DF5C1AB1B6F1A600086DC37 /* collieclientTests */,
				4DF5C1921B6F1A600086DC37 /* Products */,
				737ECCD48D86F875A569EDC3 /* Pods */,
				CD77E707AEC31B918E5455CE /* Frameworks */,
			);
			sourceTree = "<group>";
		};
		4DF5C1921B6F1A600086DC37 /* Products */ = {
			isa = PBXGroup;
			children = (
				4DF5C1911B6F1A600086DC37 /* collieclient.app */,
				4DF5C1A81B6F1A600086DC37 /* collieclientTests.xctest */,
			);
			name = Products;
			sourceTree = "<group>";
		};
		4DF5C1931B6F1A600086DC37 /* collieclient */ = {
			isa = PBXGroup;
			children = (
				4D986E331B6F2456005658A2 /* LoginController.swift */,
				4DF5C1961B6F1A600086DC37 /* AppDelegate.swift */,
				4DF5C1981B6F1A600086DC37 /* RentalsViewController.swift */,
				4DF5C19A1B6F1A600086DC37 /* QuickRentViewController.swift */,
				4DF5C19C1B6F1A600086DC37 /* Main.storyboard */,
				4DF5C19F1B6F1A600086DC37 /* Images.xcassets */,
				4DF5C1A11B6F1A600086DC37 /* LaunchScreen.xib */,
				4DF5C1941B6F1A600086DC37 /* Supporting Files */,
				4D986E371B6F2A26005658A2 /* ReturnsViewController.swift */,
			);
			path = collieclient;
			sourceTree = "<group>";
		};
		4DF5C1941B6F1A600086DC37 /* Supporting Files */ = {
			isa = PBXGroup;
			children = (
				4D986E351B6F2714005658A2 /* ionicons.ttf */,
				4DF5C1951B6F1A600086DC37 /* Info.plist */,
			);
			name = "Supporting Files";
			sourceTree = "<group>";
		};
		4DF5C1AB1B6F1A600086DC37 /* collieclientTests */ = {
			isa = PBXGroup;
			children = (
				4DF5C1AE1B6F1A600086DC37 /* collieclientTests.swift */,
				4DF5C1AC1B6F1A600086DC37 /* Supporting Files */,
			);
			path = collieclientTests;
			sourceTree = "<group>";
		};
		4DF5C1AC1B6F1A600086DC37 /* Supporting Files */ = {
			isa = PBXGroup;
			children = (
				4DF5C1AD1B6F1A600086DC37 /* Info.plist */,
			);
			name = "Supporting Files";
			sourceTree = "<group>";
		};
		737ECCD48D86F875A569EDC3 /* Pods */ = {
			isa = PBXGroup;
			children = (
				B3C9206004381B2D03D3017C /* Pods-collieclient.debug.xcconfig */,
				F6FFBDE86FD734060F339843 /* Pods-collieclient.release.xcconfig */,
			);
			name = Pods;
			sourceTree = "<group>";
		};
		CD77E707AEC31B918E5455CE /* Frameworks */ = {
			isa = PBXGroup;
			children = (
				55CFF8E00864A94E750AEB6B /* Pods_collieclient.framework */,
			);
			name = Frameworks;
			sourceTree = "<group>";
		};
/* End PBXGroup section */

/* Begin PBXNativeTarget section */
		4DF5C1901B6F1A600086DC37 /* collieclient */ = {
			isa = PBXNativeTarget;
			buildConfigurationList = 4DF5C1B21B6F1A600086DC37 /* Build configuration list for PBXNativeTarget "collieclient" */;
			buildPhases = (
				66264916D9DB29AE21FE8536 /* Check Pods Manifest.lock */,
				4DF5C18D1B6F1A600086DC37 /* Sources */,
				4DF5C18E1B6F1A600086DC37 /* Frameworks */,
				4DF5C18F1B6F1A600086DC37 /* Resources */,
				4F04A1F1097795DC602E3F2B /* Embed Pods Frameworks */,
				7521F4CAA7933B4C98B3B238 /* Copy Pods Resources */,
			);
			buildRules = (
			);
			dependencies = (
			);
			name = collieclient;
			productName = collieclient;
			productReference = 4DF5C1911B6F1A600086DC37 /* collieclient.app */;
			productType = "com.apple.product-type.application";
		};
		4DF5C1A71B6F1A600086DC37 /* collieclientTests */ = {
			isa = PBXNativeTarget;
			buildConfigurationList = 4DF5C1B51B6F1A600086DC37 /* Build configuration list for PBXNativeTarget "collieclientTests" */;
			buildPhases = (
				4DF5C1A41B6F1A600086DC37 /* Sources */,
				4DF5C1A51B6F1A600086DC37 /* Frameworks */,
				4DF5C1A61B6F1A600086DC37 /* Resources */,
			);
			buildRules = (
			);
			dependencies = (
				4DF5C1AA1B6F1A600086DC37 /* PBXTargetDependency */,
			);
			name = collieclientTests;
			productName = collieclientTests;
			productReference = 4DF5C1A81B6F1A600086DC37 /* collieclientTests.xctest */;
			productType = "com.apple.product-type.bundle.unit-test";
		};
/* End PBXNativeTarget section */

/* Begin PBXProject section */
		4DF5C1891B6F1A600086DC37 /* Project object */ = {
			isa = PBXProject;
			attributes = {
				LastUpgradeCheck = 0640;
				ORGANIZATIONNAME = wmtu;
				TargetAttributes = {
					4DF5C1901B6F1A600086DC37 = {
						CreatedOnToolsVersion = 6.4;
					};
					4DF5C1A71B6F1A600086DC37 = {
						CreatedOnToolsVersion = 6.4;
						TestTargetID = 4DF5C1901B6F1A600086DC37;
					};
				};
			};
			buildConfigurationList = 4DF5C18C1B6F1A600086DC37 /* Build configuration list for PBXProject "collieclient" */;
			compatibilityVersion = "Xcode 3.2";
			developmentRegion = English;
			hasScannedForEncodings = 0;
			knownRegions = (
				en,
				Base,
			);
			mainGroup = 4DF5C1881B6F1A600086DC37;
			productRefGroup = 4DF5C1921B6F1A600086DC37 /* Products */;
			projectDirPath = "";
			projectRoot = "";
			targets = (
				4DF5C1901B6F1A600086DC37 /* collieclient */,
				4DF5C1A71B6F1A600086DC37 /* collieclientTests */,
			);
		};
/* End PBXProject section */

/* Begin PBXResourcesBuildPhase section */
		4DF5C18F1B6F1A600086DC37 /* Resources */ = {
			isa = PBXResourcesBuildPhase;
			buildActionMask = 2147483647;
			files = (
				4DF5C19E1B6F1A600086DC37 /* Main.storyboard in Resources */,
				4DF5C1A31B6F1A600086DC37 /* LaunchScreen.xib in Resources */,
				4D986E361B6F2714005658A2 /* ionicons.ttf in Resources */,
				4DF5C1A01B6F1A600086DC37 /* Images.xcassets in Resources */,
			);
			runOnlyForDeploymentPostprocessing = 0;
		};
		4DF5C1A61B6F1A600086DC37 /* Resources */ = {
			isa = PBXResourcesBuildPhase;
			buildActionMask = 2147483647;
			files = (
			);
			runOnlyForDeploymentPostprocessing = 0;
		};
/* End PBXResourcesBuildPhase section */

/* Begin PBXShellScriptBuildPhase section */
		4F04A1F1097795DC602E3F2B /* Embed Pods Frameworks */ = {
			isa = PBXShellScriptBuildPhase;
			buildActionMask = 2147483647;
			files = (
			);
			inputPaths = (
			);
			name = "Embed Pods Frameworks";
			outputPaths = (
			);
			runOnlyForDeploymentPostprocessing = 0;
			shellPath = /bin/sh;
			shellScript = "\"${SRCROOT}/Pods/Target Support Files/Pods-collieclient/Pods-collieclient-frameworks.sh\"\n";
			showEnvVarsInLog = 0;
		};
		66264916D9DB29AE21FE8536 /* Check Pods Manifest.lock */ = {
			isa = PBXShellScriptBuildPhase;
			buildActionMask = 2147483647;
			files = (
			);
			inputPaths = (
			);
			name = "Check Pods Manifest.lock";
			outputPaths = (
			);
			runOnlyForDeploymentPostprocessing = 0;
			shellPath = /bin/sh;
			shellScript = "diff \"${PODS_ROOT}/../Podfile.lock\" \"${PODS_ROOT}/Manifest.lock\" > /dev/null\nif [[ $? != 0 ]] ; then\n    cat << EOM\nerror: The sandbox is not in sync with the Podfile.lock. Run 'pod install' or update your CocoaPods installation.\nEOM\n    exit 1\nfi\n";
			showEnvVarsInLog = 0;
		};
		7521F4CAA7933B4C98B3B238 /* Copy Pods Resources */ = {
			isa = PBXShellScriptBuildPhase;
			buildActionMask = 2147483647;
			files = (
			);
			inputPaths = (
			);
			name = "Copy Pods Resources";
			outputPaths = (
			);
			runOnlyForDeploymentPostprocessing = 0;
			shellPath = /bin/sh;
			shellScript = "\"${SRCROOT}/Pods/Target Support Files/Pods-collieclient/Pods-collieclient-resources.sh\"\n";
			showEnvVarsInLog = 0;
		};
/* End PBXShellScriptBuildPhase section */

/* Begin PBXSourcesBuildPhase section */
		4DF5C18D1B6F1A600086DC37 /* Sources */ = {
			isa = PBXSourcesBuildPhase;
			buildActionMask = 2147483647;
			files = (
				4DF5C19B1B6F1A600086DC37 /* QuickRentViewController.swift in Sources */,
				4D986E341B6F2456005658A2 /* LoginController.swift in Sources */,
				4D986E381B6F2A26005658A2 /* ReturnsViewController.swift in Sources */,
				4DF5C1971B6F1A600086DC37 /* AppDelegate.swift in Sources */,
				4DF5C1991B6F1A600086DC37 /* RentalsViewController.swift in Sources */,
			);
			runOnlyForDeploymentPostprocessing = 0;
		};
		4DF5C1A41B6F1A600086DC37 /* Sources */ = {
			isa = PBXSourcesBuildPhase;
			buildActionMask = 2147483647;
			files = (
				4DF5C1AF1B6F1A600086DC37 /* collieclientTests.swift in Sources */,
			);
			runOnlyForDeploymentPostprocessing = 0;
		};
/* End PBXSourcesBuildPhase section */

/* Begin PBXTargetDependency section */
		4DF5C1AA1B6F1A600086DC37 /* PBXTargetDependency */ = {
			isa = PBXTargetDependency;
			target = 4DF5C1901B6F1A600086DC37 /* collieclient */;
			targetProxy = 4DF5C1A91B6F1A600086DC37 /* PBXContainerItemProxy */;
		};
/* End PBXTargetDependency section */

/* Begin PBXVariantGroup section */
		4DF5C19C1B6F1A600086DC37 /* Main.storyboard */ = {
			isa = PBXVariantGroup;
			children = (
				4DF5C19D1B6F1A600086DC37 /* Base */,
			);
			name = Main.storyboard;
			sourceTree = "<group>";
		};
		4DF5C1A11B6F1A600086DC37 /* LaunchScreen.xib */ = {
			isa = PBXVariantGroup;
			children = (
				4DF5C1A21B6F1A600086DC37 /* Base */,
			);
			name = LaunchScreen.xib;
			sourceTree = "<group>";
		};
/* End PBXVariantGroup section */

/* Begin XCBuildConfiguration section */
		4DF5C1B01B6F1A600086DC37 /* Debug */ = {
			isa = XCBuildConfiguration;
			buildSettings = {
				ALWAYS_SEARCH_USER_PATHS = NO;
				CLANG_CXX_LANGUAGE_STANDARD = "gnu++0x";
				CLANG_CXX_LIBRARY = "libc++";
				CLANG_ENABLE_MODULES = YES;
				CLANG_ENABLE_OBJC_ARC = YES;
				CLANG_WARN_BOOL_CONVERSION = YES;
				CLANG_WARN_CONSTANT_CONVERSION = YES;
				CLANG_WARN_DIRECT_OBJC_ISA_USAGE = YES_ERROR;
				CLANG_WARN_EMPTY_BODY = YES;
				CLANG_WARN_ENUM_CONVERSION = YES;
				CLANG_WARN_INT_CONVERSION = YES;
				CLANG_WARN_OBJC_ROOT_CLASS = YES_ERROR;
				CLANG_WARN_UNREACHABLE_CODE = YES;
				CLANG_WARN__DUPLICATE_METHOD_MATCH = YES;
				"CODE_SIGN_IDENTITY[sdk=iphoneos*]" = "iPhone Developer";
				COPY_PHASE_STRIP = NO;
				DEBUG_INFORMATION_FORMAT = "dwarf-with-dsym";
				ENABLE_STRICT_OBJC_MSGSEND = YES;
				GCC_C_LANGUAGE_STANDARD = gnu99;
				GCC_DYNAMIC_NO_PIC = NO;
				GCC_NO_COMMON_BLOCKS = YES;
				GCC_OPTIMIZATION_LEVEL = 0;
				GCC_PREPROCESSOR_DEFINITIONS = (
					"DEBUG=1",
					"$(inherited)",
				);
				GCC_SYMBOLS_PRIVATE_EXTERN = NO;
				GCC_WARN_64_TO_32_BIT_CONVERSION = YES;
				GCC_WARN_ABOUT_RETURN_TYPE = YES_ERROR;
				GCC_WARN_UNDECLARED_SELECTOR = YES;
				GCC_WARN_UNINITIALIZED_AUTOS = YES_AGGRESSIVE;
				GCC_WARN_UNUSED_FUNCTION = YES;
				GCC_WARN_UNUSED_VARIABLE = YES;
				IPHONEOS_DEPLOYMENT_TARGET = 8.4;
				MTL_ENABLE_DEBUG_INFO = YES;
				ONLY_ACTIVE_ARCH = YES;
				SDKROOT = iphoneos;
				SWIFT_OPTIMIZATION_LEVEL = "-Onone";
			};
			name = Debug;
		};
		4DF5C1B11B6F1A600086DC37 /* Release */ = {
			isa = XCBuildConfiguration;
			buildSettings = {
				ALWAYS_SEARCH_USER_PATHS = NO;
				CLANG_CXX_LANGUAGE_STANDARD = "gnu++0x";
				CLANG_CXX_LIBRARY = "libc++";
				CLANG_ENABLE_MODULES = YES;
				CLANG_ENABLE_OBJC_ARC = YES;
				CLANG_WARN_BOOL_CONVERSION = YES;
				CLANG_WARN_CONSTANT_CONVERSION = YES;
				CLANG_WARN_DIRECT_OBJC_ISA_USAGE = YES_ERROR;
				CLANG_WARN_EMPTY_BODY = YES;
				CLANG_WARN_ENUM_CONVERSION = YES;
				CLANG_WARN_INT_CONVERSION = YES;
				CLANG_WARN_OBJC_ROOT_CLASS = YES_ERROR;
				CLANG_WARN_UNREACHABLE_CODE = YES;
				CLANG_WARN__DUPLICATE_METHOD_MATCH = YES;
				"CODE_SIGN_IDENTITY[sdk=iphoneos*]" = "iPhone Developer";
				COPY_PHASE_STRIP = NO;
				DEBUG_INFORMATION_FORMAT = "dwarf-with-dsym";
				ENABLE_NS_ASSERTIONS = NO;
				ENABLE_STRICT_OBJC_MSGSEND = YES;
				GCC_C_LANGUAGE_STANDARD = gnu99;
				GCC_NO_COMMON_BLOCKS = YES;
				GCC_WARN_64_TO_32_BIT_CONVERSION = YES;
				GCC_WARN_ABOUT_RETURN_TYPE = YES_ERROR;
				GCC_WARN_UNDECLARED_SELECTOR = YES;
				GCC_WARN_UNINITIALIZED_AUTOS = YES_AGGRESSIVE;
				GCC_WARN_UNUSED_FUNCTION = YES;
				GCC_WARN_UNUSED_VARIABLE = YES;
				IPHONEOS_DEPLOYMENT_TARGET = 8.4;
				MTL_ENABLE_DEBUG_INFO = NO;
				SDKROOT = iphoneos;
				VALIDATE_PRODUCT = YES;
			};
			name = Release;
		};
		4DF5C1B31B6F1A600086DC37 /* Debug */ = {
			isa = XCBuildConfiguration;
			baseConfigurationReference = B3C9206004381B2D03D3017C /* Pods-collieclient.debug.xcconfig */;
			buildSettings = {
				ASSETCATALOG_COMPILER_APPICON_NAME = AppIcon;
				INFOPLIST_FILE = collieclient/Info.plist;
				LD_RUNPATH_SEARCH_PATHS = "$(inherited) @executable_path/Frameworks";
				PRODUCT_NAME = "$(TARGET_NAME)";
			};
			name = Debug;
		};
		4DF5C1B41B6F1A600086DC37 /* Release */ = {
			isa = XCBuildConfiguration;
			baseConfigurationReference = F6FFBDE86FD734060F339843 /* Pods-collieclient.release.xcconfig */;
			buildSettings = {
				ASSETCATALOG_COMPILER_APPICON_NAME = AppIcon;
				INFOPLIST_FILE = collieclient/Info.plist;
				LD_RUNPATH_SEARCH_PATHS = "$(inherited) @executable_path/Frameworks";
				PRODUCT_NAME = "$(TARGET_NAME)";
			};
			name = Release;
		};
		4DF5C1B61B6F1A600086DC37 /* Debug */ = {
			isa = XCBuildConfiguration;
			buildSettings = {
				BUNDLE_LOADER = "$(TEST_HOST)";
				FRAMEWORK_SEARCH_PATHS = (
					"$(SDKROOT)/Developer/Library/Frameworks",
					"$(inherited)",
				);
				GCC_PREPROCESSOR_DEFINITIONS = (
					"DEBUG=1",
					"$(inherited)",
				);
				INFOPLIST_FILE = collieclientTests/Info.plist;
				LD_RUNPATH_SEARCH_PATHS = "$(inherited) @executable_path/Frameworks @loader_path/Frameworks";
				PRODUCT_NAME = "$(TARGET_NAME)";
				TEST_HOST = "$(BUILT_PRODUCTS_DIR)/collieclient.app/collieclient";
			};
			name = Debug;
		};
		4DF5C1B71B6F1A600086DC37 /* Release */ = {
			isa = XCBuildConfiguration;
			buildSettings = {
				BUNDLE_LOADER = "$(TEST_HOST)";
				FRAMEWORK_SEARCH_PATHS = (
					"$(SDKROOT)/Developer/Library/Frameworks",
					"$(inherited)",
				);
				INFOPLIST_FILE = collieclientTests/Info.plist;
				LD_RUNPATH_SEARCH_PATHS = "$(inherited) @executable_path/Frameworks @loader_path/Frameworks";
				PRODUCT_NAME = "$(TARGET_NAME)";
				TEST_HOST = "$(BUILT_PRODUCTS_DIR)/collieclient.app/collieclient";
			};
			name = Release;
		};
/* End XCBuildConfiguration section */

/* Begin XCConfigurationList section */
		4DF5C18C1B6F1A600086DC37 /* Build configuration list for PBXProject "collieclient" */ = {
			isa = XCConfigurationList;
			buildConfigurations = (
				4DF5C1B01B6F1A600086DC37 /* Debug */,
				4DF5C1B11B6F1A600086DC37 /* Release */,
			);
			defaultConfigurationIsVisible = 0;
			defaultConfigurationName = Release;
		};
		4DF5C1B21B6F1A600086DC37 /* Build configuration list for PBXNativeTarget "collieclient" */ = {
			isa = XCConfigurationList;
			buildConfigurations = (
				4DF5C1B31B6F1A600086DC37 /* Debug */,
				4DF5C1B41B6F1A600086DC37 /* Release */,
			);
			defaultConfigurationIsVisible = 0;
			defaultConfigurationName = Release;
		};
		4DF5C1B51B6F1A600086DC37 /* Build configuration list for PBXNativeTarget "collieclientTests" */ = {
			isa = XCConfigurationList;
			buildConfigurations = (
				4DF5C1B61B6F1A600086DC37 /* Debug */,
				4DF5C1B71B6F1A600086DC37 /* Release */,
			);
			defaultConfigurationIsVisible = 0;
			defaultConfigurationName = Release;
		};
/* End XCConfigurationList section */
	};
	rootObject = 4DF5C1891B6F1A600086DC37 /* Project object */;
}
